
Microsoft Visual Studio Solution File, Format Version 12.00
# Visual Studio 2013
VisualStudioVersion = 12.0.30110.0
MinimumVisualStudioVersion = 10.0.40219.1
Project("{FAE04EC0-301F-11D3-BF4B-00C04F79EFBC}") = "RainbowMage.ActLocalizer", "RainbowMage.ActLocalizer\RainbowMage.ActLocalizer.csproj", "{E6AEAFA3-7BA8-46A8-BFCB-227AF7DC6CC0}"
EndProject
Project("{2150E333-8FDC-42A3-9474-1A3956D46DE8}") = "Solution Items", "Solution Items", "{638F7A96-3506-4B7F-8462-BC62DB4B4834}"
	ProjectSection(SolutionItems) = preProject
		LICENSE.txt = LICENSE.txt
		make.bat = make.bat
		README.md = README.md
	EndProjectSection
EndProject
Global
	GlobalSection(SolutionConfigurationPlatforms) = preSolution
		Debug|Any CPU = Debug|Any CPU
		Release|Any CPU = Release|Any CPU
	EndGlobalSection
	GlobalSection(ProjectConfigurationPlatforms) = postSolution
		{E6AEAFA3-7BA8-46A8-BFCB-227AF7DC6CC0}.Debug|Any CPU.ActiveCfg = Debug|Any CPU
		{E6AEAFA3-7BA8-46A8-BFCB-227AF7DC6CC0}.Debug|Any CPU.Build.0 = Debug|Any CPU
		{E6AEAFA3-7BA8-46A8-BFCB-227AF7DC6CC0}.Release|Any CPU.ActiveCfg = Release|Any CPU
		{E6AEAFA3-7BA8-46A8-BFCB-227AF7DC6CC0}.Release|Any CPU.Build.0 = Release|Any CPU
	EndGlobalSection
	GlobalSection(SolutionProperties) = preSolution
		HideSolutionNode = FALSE
	EndGlobalSection
EndGlobal
